// !$*UTF8*$!
{
	archiveVersion = 1;
	classes = {
	};
	objectVersion = 50;
	objects = {

/* Begin PBXBuildFile section */
		3A408833243378AF00A70A2B /* AppDelegate.swift in Sources */ = {isa = PBXBuildFile; fileRef = 3A408832243378AF00A70A2B /* AppDelegate.swift */; };
		3A408835243378AF00A70A2B /* SceneDelegate.swift in Sources */ = {isa = PBXBuildFile; fileRef = 3A408834243378AF00A70A2B /* SceneDelegate.swift */; };
		3A408837243378AF00A70A2B /* ViewController.swift in Sources */ = {isa = PBXBuildFile; fileRef = 3A408836243378AF00A70A2B /* ViewController.swift */; };
		3A40883A243378AF00A70A2B /* Main.storyboard in Resources */ = {isa = PBXBuildFile; fileRef = 3A408838243378AF00A70A2B /* Main.storyboard */; };
		3A40883C243378B300A70A2B /* Assets.xcassets in Resources */ = {isa = PBXBuildFile; fileRef = 3A40883B243378B300A70A2B /* Assets.xcassets */; };
		3A40883F243378B300A70A2B /* LaunchScreen.storyboard in Resources */ = {isa = PBXBuildFile; fileRef = 3A40883D243378B300A70A2B /* LaunchScreen.storyboard */; };
		3A40884A2433792E00A70A2B /* Dog.swift in Sources */ = {isa = PBXBuildFile; fileRef = 3A4088492433792E00A70A2B /* Dog.swift */; };
/* End PBXBuildFile section */

/* Begin PBXFileReference section */
		3A40882F243378AF00A70A2B /* MVCSwift.app */ = {isa = PBXFileReference; explicitFileType = wrapper.application; includeInIndex = 0; path = MVCSwift.app; sourceTree = BUILT_PRODUCTS_DIR; };
		3A408832243378AF00A70A2B /* AppDelegate.swift */ = {isa = PBXFileReference; lastKnownFileType = sourcecode.swift; path = AppDelegate.swift; sourceTree = "<group>"; };
		3A408834243378AF00A70A2B /* SceneDelegate.swift */ = {isa = PBXFileReference; lastKnownFileType = sourcecode.swift; path = SceneDelegate.swift; sourceTree = "<group>"; };
		3A408836243378AF00A70A2B /* ViewController.swift */ = {isa = PBXFileReference; lastKnownFileType = sourcecode.swift; path = ViewController.swift; sourceTree = "<group>"; };
		3A408839243378AF00A70A2B /* Base */ = {isa = PBXFileReference; lastKnownFileType = file.storyboard; name = Base; path = Base.lproj/Main.storyboard; sourceTree = "<group>"; };
		3A40883B243378B300A70A2B /* Assets.xcassets */ = {isa = PBXFileReference; lastKnownFileType = folder.assetcatalog; path = Assets.xcassets; sourceTree = "<group>"; };
		3A40883E243378B300A70A2B /* Base */ = {isa = PBXFileReference; lastKnownFileType = file.storyboard; name = Base; path = Base.lproj/LaunchScreen.storyboard; sourceTree = "<group>"; };
		3A408840243378B300A70A2B /* Info.plist */ = {isa = PBXFileReference; lastKnownFileType = text.plist.xml; path = Info.plist; sourceTree = "<group>"; };
		3A4088492433792E00A70A2B /* Dog.swift */ = {isa = PBXFileReference; lastKnownFileType = sourcecode.swift; path = Dog.swift; sourceTree = "<group>"; };
/* End PBXFileReference section */

/* Begin PBXFrameworksBuildPhase section */
		3A40882C243378AF00A70A2B /* Frameworks */ = {
			isa = PBXFrameworksBuildPhase;
			buildActionMask = 2147483647;
			files = (
			);
			runOnlyForDeploymentPostprocessing = 0;
		};
/* End PBXFrameworksBuildPhase section */

/* Begin PBXGroup section */
		3A408826243378AF00A70A2B = {
			isa = PBXGroup;
			children = (
				3A408831243378AF00A70A2B /* MVCSwift */,
				3A408830243378AF00A70A2B /* Products */,
			);
			sourceTree = "<group>";
		};
		3A408830243378AF00A70A2B /* Products */ = {
			isa = PBXGroup;
			children = (
				3A40882F243378AF00A70A2B /* MVCSwift.app */,
			);
			name = Products;
			sourceTree = "<group>";
		};
		3A408831243378AF00A70A2B /* MVCSwift */ = {
			isa = PBXGroup;
			children = (
				3A4088482433790E00A70A2B /* Controller */,
				3A4088472433790400A70A2B /* View */,
				3A408846243378FE00A70A2B /* Model */,
				3A408832243378AF00A70A2B /* AppDelegate.swift */,
				3A408834243378AF00A70A2B /* SceneDelegate.swift */,
				3A40883B243378B300A70A2B /* Assets.xcassets */,
				3A40883D243378B300A70A2B /* LaunchScreen.storyboard */,
				3A408840243378B300A70A2B /* Info.plist */,
			);
			path = MVCSwift;
			sourceTree = "<group>";
		};
		3A408846243378FE00A70A2B /* Model */ = {
			isa = PBXGroup;
			children = (
				3A4088492433792E00A70A2B /* Dog.swift */,
			);
			path = Model;
			sourceTree = "<group>";
		};
		3A4088472433790400A70A2B /* View */ = {
			isa = PBXGroup;
			children = (
				3A408838243378AF00A70A2B /* Main.storyboard */,
			);
			path = View;
			sourceTree = "<group>";
		};
		3A4088482433790E00A70A2B /* Controller */ = {
			isa = PBXGroup;
			children = (
				3A408836243378AF00A70A2B /* ViewController.swift */,
			);
			path = Controller;
			sourceTree = "<group>";
		};
/* End PBXGroup section */

/* Begin PBXNativeTarget section */
		3A40882E243378AF00A70A2B /* MVCSwift */ = {
			isa = PBXNativeTarget;
			buildConfigurationList = 3A408843243378B300A70A2B /* Build configuration list for PBXNativeTarget "MVCSwift" */;
			buildPhases = (
				3A40882B243378AF00A70A2B /* Sources */,
				3A40882C243378AF00A70A2B /* Frameworks */,
				3A40882D243378AF00A70A2B /* Resources */,
			);
			buildRules = (
			);
			dependencies = (
			);
			name = MVCSwift;
			productName = MVCSwift;
			productReference = 3A40882F243378AF00A70A2B /* MVCSwift.app */;
			productType = "com.apple.product-type.application";
		};
/* End PBXNativeTarget section */

/* Begin PBXProject section */
		3A408827243378AF00A70A2B /* Project object */ = {
			isa = PBXProject;
			attributes = {
				LastSwiftUpdateCheck = 1140;
				LastUpgradeCheck = 1140;
				ORGANIZATIONNAME = "Hugo Flores";
				TargetAttributes = {
					3A40882E243378AF00A70A2B = {
						CreatedOnToolsVersion = 11.4;
					};
				};
			};
			buildConfigurationList = 3A40882A243378AF00A70A2B /* Build configuration list for PBXProject "MVCSwift" */;
			compatibilityVersion = "Xcode 9.3";
			developmentRegion = en;
			hasScannedForEncodings = 0;
			knownRegions = (
				en,
				Base,
			);
			mainGroup = 3A408826243378AF00A70A2B;
			productRefGroup = 3A408830243378AF00A70A2B /* Products */;
			projectDirPath = "";
			projectRoot = "";
			targets = (
				3A40882E243378AF00A70A2B /* MVCSwift */,
			);
		};
/* End PBXProject section */

/* Begin PBXResourcesBuildPhase section */
		3A40882D243378AF00A70A2B /* Resources */ = {
			isa = PBXResourcesBuildPhase;
			buildActionMask = 2147483647;
			files = (
				3A40883F243378B300A70A2B /* LaunchScreen.storyboard in Resources */,
				3A40883C243378B300A70A2B /* Assets.xcassets in Resources */,
				3A40883A243378AF00A70A2B /* Main.storyboard in Resources */,
			);
			runOnlyForDeploymentPostprocessing = 0;
		};
/* End PBXResourcesBuildPhase section */

/* Begin PBXSourcesBuildPhase section */
		3A40882B243378AF00A70A2B /* Sources */ = {
			isa = PBXSourcesBuildPhase;
			buildActionMask = 2147483647;
			files = (
				3A408837243378AF00A70A2B /* ViewController.swift in Sources */,
				3A408833243378AF00A70A2B /* AppDelegate.swift in Sources */,
				3A40884A2433792E00A70A2B /* Dog.swift in Sources */,
				3A408835243378AF00A70A2B /* SceneDelegate.swift in Sources */,
			);
			runOnlyForDeploymentPostprocessing = 0;
		};
/* End PBXSourcesBuildPhase section */

/* Begin PBXVariantGroup section */
		3A408838243378AF00A70A2B /* Main.storyboard */ = {
			isa = PBXVariantGroup;
			children = (
				3A408839243378AF00A70A2B /* Base */,
			);
			name = Main.storyboard;
			sourceTree = "<group>";
		};
		3A40883D243378B300A70A2B /* LaunchScreen.storyboard */ = {
			isa = PBXVariantGroup;
			children = (
				3A40883E243378B300A70A2B /* Base */,
			);
			name = LaunchScreen.storyboard;
			sourceTree = "<group>";
		};
/* End PBXVariantGroup section */

/* Begin XCBuildConfiguration section */
		3A408841243378B300A70A2B /* Debug */ = {
			isa = XCBuildConfiguration;
			buildSettings = {
				ALWAYS_SEARCH_USER_PATHS = NO;
				CLANG_ANALYZER_NONNULL = YES;
				CLANG_ANALYZER_NUMBER_OBJECT_CONVERSION = YES_AGGRESSIVE;
				CLANG_CXX_LANGUAGE_STANDARD = "gnu++14";
				CLANG_CXX_LIBRARY = "libc++";
				CLANG_ENABLE_MODULES = YES;
				CLANG_ENABLE_OBJC_ARC = YES;
				CLANG_ENABLE_OBJC_WEAK = YES;
				CLANG_WARN_BLOCK_CAPTURE_AUTORELEASING = YES;
				CLANG_WARN_BOOL_CONVERSION = YES;
				CLANG_WARN_COMMA = YES;
				CLANG_WARN_CONSTANT_CONVERSION = YES;
				CLANG_WARN_DEPRECATED_OBJC_IMPLEMENTATIONS = YES;
				CLANG_WARN_DIRECT_OBJC_ISA_USAGE = YES_ERROR;
				CLANG_WARN_DOCUMENTATION_COMMENTS = YES;
				CLANG_WARN_EMPTY_BODY = YES;
				CLANG_WARN_ENUM_CONVERSION = YES;
				CLANG_WARN_INFINITE_RECURSION = YES;
				CLANG_WARN_INT_CONVERSION = YES;
				CLANG_WARN_NON_LITERAL_NULL_CONVERSION = YES;
				CLANG_WARN_OBJC_IMPLICIT_RETAIN_SELF = YES;
				CLANG_WARN_OBJC_LITERAL_CONVERSION = YES;
				CLANG_WARN_OBJC_ROOT_CLASS = YES_ERROR;
				CLANG_WARN_RANGE_LOOP_ANALYSIS = YES;
				CLANG_WARN_STRICT_PROTOTYPES = YES;
				CLANG_WARN_SUSPICIOUS_MOVE = YES;
				CLANG_WARN_UNGUARDED_AVAILABILITY = YES_AGGRESSIVE;
				CLANG_WARN_UNREACHABLE_CODE = YES;
				CLANG_WARN__DUPLICATE_METHOD_MATCH = YES;
				COPY_PHASE_STRIP = NO;
				DEBUG_INFORMATION_FORMAT = dwarf;
				ENABLE_STRICT_OBJC_MSGSEND = YES;
				ENABLE_TESTABILITY = YES;
				GCC_C_LANGUAGE_STANDARD = gnu11;
				GCC_DYNAMIC_NO_PIC = NO;
				GCC_NO_COMMON_BLOCKS = YES;
				GCC_OPTIMIZATION_LEVEL = 0;
				GCC_PREPROCESSOR_DEFINITIONS = (
					"DEBUG=1",
					"$(inherited)",
				);
				GCC_WARN_64_TO_32_BIT_CONVERSION = YES;
				GCC_WARN_ABOUT_RETURN_TYPE = YES_ERROR;
				GCC_WARN_UNDECLARED_SELECTOR = YES;
				GCC_WARN_UNINITIALIZED_AUTOS = YES_AGGRESSIVE;
				GCC_WARN_UNUSED_FUNCTION = YES;
				GCC_WARN_UNUSED_VARIABLE = YES;
				IPHONEOS_DEPLOYMENT_TARGET = 13.4;
				MTL_ENABLE_DEBUG_INFO = INCLUDE_SOURCE;
				MTL_FAST_MATH = YES;
				ONLY_ACTIVE_ARCH = YES;
				SDKROOT = iphoneos;
				SWIFT_ACTIVE_COMPILATION_CONDITIONS = DEBUG;
				SWIFT_OPTIMIZATION_LEVEL = "-Onone";
			};
			name = Debug;
		};
		3A408842243378B300A70A2B /* Release */ = {
			isa = XCBuildConfiguration;
			buildSettings = {
				ALWAYS_SEARCH_USER_PATHS = NO;
				CLANG_ANALYZER_NONNULL = YES;
				CLANG_ANALYZER_NUMBER_OBJECT_CONVERSION = YES_AGGRESSIVE;
				CLANG_CXX_LANGUAGE_STANDARD = "gnu++14";
				CLANG_CXX_LIBRARY = "libc++";
				CLANG_ENABLE_MODULES = YES;
				CLANG_ENABLE_OBJC_ARC = YES;
				CLANG_ENABLE_OBJC_WEAK = YES;
				CLANG_WARN_BLOCK_CAPTURE_AUTORELEASING = YES;
				CLANG_WARN_BOOL_CONVERSION = YES;
				CLANG_WARN_COMMA = YES;
				CLANG_WARN_CONSTANT_CONVERSION = YES;
				CLANG_WARN_DEPRECATED_OBJC_IMPLEMENTATIONS = YES;
				CLANG_WARN_DIRECT_OBJC_ISA_USAGE = YES_ERROR;
				CLANG_WARN_DOCUMENTATION_COMMENTS = YES;
				CLANG_WARN_EMPTY_BODY = YES;
				CLANG_WARN_ENUM_CONVERSION = YES;
				CLANG_WARN_INFINITE_RECURSION = YES;
				CLANG_WARN_INT_CONVERSION = YES;
				CLANG_WARN_NON_LITERAL_NULL_CONVERSION = YES;
				CLANG_WARN_OBJC_IMPLICIT_RETAIN_SELF = YES;
				CLANG_WARN_OBJC_LITERAL_CONVERSION = YES;
				CLANG_WARN_OBJC_ROOT_CLASS = YES_ERROR;
				CLANG_WARN_RANGE_LOOP_ANALYSIS = YES;
				CLANG_WARN_STRICT_PROTOTYPES = YES;
				CLANG_WARN_SUSPICIOUS_MOVE = YES;
				CLANG_WARN_UNGUARDED_AVAILABILITY = YES_AGGRESSIVE;
				CLANG_WARN_UNREACHABLE_CODE = YES;
				CLANG_WARN__DUPLICATE_METHOD_MATCH = YES;
				COPY_PHASE_STRIP = NO;
				DEBUG_INFORMATION_FORMAT = "dwarf-with-dsym";
				ENABLE_NS_ASSERTIONS = NO;
				ENABLE_STRICT_OBJC_MSGSEND = YES;
				GCC_C_LANGUAGE_STANDARD = gnu11;
				GCC_NO_COMMON_BLOCKS = YES;
				GCC_WARN_64_TO_32_BIT_CONVERSION = YES;
				GCC_WARN_ABOUT_RETURN_TYPE = YES_ERROR;
				GCC_WARN_UNDECLARED_SELECTOR = YES;
				GCC_WARN_UNINITIALIZED_AUTOS = YES_AGGRESSIVE;
				GCC_WARN_UNUSED_FUNCTION = YES;
				GCC_WARN_UNUSED_VARIABLE = YES;
				IPHONEOS_DEPLOYMENT_TARGET = 13.4;
				MTL_ENABLE_DEBUG_INFO = NO;
				MTL_FAST_MATH = YES;
				SDKROOT = iphoneos;
				SWIFT_COMPILATION_MODE = wholemodule;
				SWIFT_OPTIMIZATION_LEVEL = "-O";
				VALIDATE_PRODUCT = YES;
			};
			name = Release;
		};
		3A408844243378B300A70A2B /* Debug */ = {
			isa = XCBuildConfiguration;
			buildSettings = {
				ASSETCATALOG_COMPILER_APPICON_NAME = AppIcon;
				CODE_SIGN_STYLE = Automatic;
				INFOPLIST_FILE = MVCSwift/Info.plist;
				LD_RUNPATH_SEARCH_PATHS = (
					"$(inherited)",
					"@executable_path/Frameworks",
				);
				PRODUCT_BUNDLE_IDENTIFIER = com.hugo.flores.tutorial.MVCSwift;
				PRODUCT_NAME = "$(TARGET_NAME)";
				SWIFT_VERSION = 5.0;
				TARGETED_DEVICE_FAMILY = "1,2";
			};
			name = Debug;
		};
		3A408845243378B300A70A2B /* Release */ = {
			isa = XCBuildConfiguration;
			buildSettings = {
				ASSETCATALOG_COMPILER_APPICON_NAME = AppIcon;
				CODE_SIGN_STYLE = Automatic;
				INFOPLIST_FILE = MVCSwift/Info.plist;
				LD_RUNPATH_SEARCH_PATHS = (
					"$(inherited)",
					"@executable_path/Frameworks",
				);
				PRODUCT_BUNDLE_IDENTIFIER = com.hugo.flores.tutorial.MVCSwift;
				PRODUCT_NAME = "$(TARGET_NAME)";
				SWIFT_VERSION = 5.0;
				TARGETED_DEVICE_FAMILY = "1,2";
			};
			name = Release;
		};
/* End XCBuildConfiguration section */

/* Begin XCConfigurationList section */
		3A40882A243378AF00A70A2B /* Build configuration list for PBXProject "MVCSwift" */ = {
			isa = XCConfigurationList;
			buildConfigurations = (
				3A408841243378B300A70A2B /* Debug */,
				3A408842243378B300A70A2B /* Release */,
			);
			defaultConfigurationIsVisible = 0;
			defaultConfigurationName = Release;
		};
		3A408843243378B300A70A2B /* Build configuration list for PBXNativeTarget "MVCSwift" */ = {
			isa = XCConfigurationList;
			buildConfigurations = (
				3A408844243378B300A70A2B /* Debug */,
				3A408845243378B300A70A2B /* Release */,
			);
			defaultConfigurationIsVisible = 0;
			defaultConfigurationName = Release;
		};
/* End XCConfigurationList section */
	};
	rootObject = 3A408827243378AF00A70A2B /* Project object */;
}
